{
  "name": "@falsejs/is-true-helper",
  "version": "1.0.0",
  "lockfileVersion": 3,
  "requires": true,
  "packages": {
    "": {
      "name": "@falsejs/is-true-helper",
      "version": "1.0.0",
      "license": "MIT",
      "dependencies": {
        "brototype": "^0.0.6",
        "false": "^0.0.4",
        "is-false": "^0.1.1",
        "is-negative-zero": "^2.0.3",
        "is-one": "^1.0.0",
        "is-thirteen": "^2.0.0",
        "is-true": "^0.1.1",
        "none": "^1.0.0",
        "undefined-is-a-function": "^0.1.0",
        "vanilla-javascript": "^1.1.1",
        "vapor-js-npm": "^1.4.6"
      }
    },
    "node_modules/brototype": {
      "version": "0.0.6",
      "resolved": "https://registry.npmjs.org/brototype/-/brototype-0.0.6.tgz",
      "integrity": "sha512-UcQusNAX7nnuXf9tvvLRC6DtZ8/YkDJRtTIbiA5ayb8MehwtSwtkvd5ZTXNLUTTtU6J/yJsi+1LJXqgRz1obwg==",
      "license": "MIT"
    },
    "node_modules/false": {
      "version": "0.0.4",
      "resolved": "https://registry.npmjs.org/false/-/false-0.0.4.tgz",
      "integrity": "sha512-CPAG3ud9Cz8NvLKlsTLr/F1aoJL6tPyhNTzaDFzS5CX6id21hVuS5sBK8wlTLuvFklpvH1idvPbW8Lbri3G7qA==",
      "license": "Apache-2.0"
    },
    "node_modules/is-false": {
      "version": "0.1.1",
      "resolved": "https://registry.npmjs.org/is-false/-/is-false-0.1.1.tgz",
      "integrity": "sha512-2qfntmrCK9qBFQV0c3JANOsISruQwlg/5dpt5wYJZAuSDwMIJBfMUAlxiDsMFsNBf3o6Hd1Xr0mKsGSn/u7SWw==",
      "license": "MIT",
      "dependencies": {
        "is-true": "^0.1.0"
      },
      "engines": {
        "node": ">=0.10.0"
      }
    },
    "node_modules/is-negative-zero": {
      "version": "2.0.3",
      "resolved": "https://registry.npmjs.org/is-negative-zero/-/is-negative-zero-2.0.3.tgz",
      "integrity": "sha512-5KoIu2Ngpyek75jXodFvnafB6DJgr3u8uuK0LEZJjrU19DrMD3EVERaR8sjz8CCGgpZvxPl9SuE1GMVPFHx1mw==",
      "license": "MIT",
      "engines": {
        "node": ">= 0.4"
      },
      "funding": {
        "url": "https://github.com/sponsors/ljharb"
      }
    },
    "node_modules/is-one": {
      "version": "1.0.0",
      "resolved": "https://registry.npmjs.org/is-one/-/is-one-1.0.0.tgz",
      "integrity": "sha512-FP3olCoMYUZ78N3cqU/JDXEQYCkiFOYYBvrtxiFO5hiOeNKQO75eC/UZvKfmvNPXz8hz9pr1d8yLk7T50G/FCw==",
      "license": "BSD-3-Clause"
    },
    "node_modules/is-thirteen": {
      "version": "2.0.0",
      "resolved": "https://registry.npmjs.org/is-thirteen/-/is-thirteen-2.0.0.tgz",
      "integrity": "sha512-F2d7FjSuctqj+71zkSXj2MQGPBPxdHNTtNQlKzmOXCicpKPkGU9PIWcbjw1bzFo18cjxRFfnhvQh0LS7GlldNw==",
      "license": "WTFPL",
      "dependencies": {
        "noop3": "^13.7.2"
      }
    },
    "node_modules/is-true": {
      "version": "0.1.1",
      "resolved": "https://registry.npmjs.org/is-true/-/is-true-0.1.1.tgz",
      "integrity": "sha512-vrvcArNgqSopbh+w6QQxMPu6Vh33DDk8usFetCBYFijLeK0+1zx8qWjdExnuhPrW2GzI9BwpkCJlBi+xJA90ZQ==",
      "license": "MIT",
      "dependencies": {
        "isobject": "^2.0.0"
      },
      "engines": {
        "node": ">=0.10.0"
      }
    },
    "node_modules/isarray": {
      "version": "1.0.0",
      "resolved": "https://registry.npmjs.org/isarray/-/isarray-1.0.0.tgz",
      "integrity": "sha512-VLghIWNM6ELQzo7zwmcg0NmTVyWKYjvIeM83yjp0wRDTmUnrM678fQbcKBo6n2CJEF0szoG//ytg+TKla89ALQ==",
      "license": "MIT"
    },
    "node_modules/isobject": {
      "version": "2.1.0",
      "resolved": "https://registry.npmjs.org/isobject/-/isobject-2.1.0.tgz",
      "integrity": "sha512-+OUdGJlgjOBZDfxnDjYYG6zp487z0JGNQq3cYQYg5f5hKR+syHMsaztzGeml/4kGG55CSpKSpWTY+jYGgsHLgA==",
      "license": "MIT",
      "dependencies": {
        "isarray": "1.0.0"
      },
      "engines": {
        "node": ">=0.10.0"
      }
    },
    "node_modules/none": {
      "version": "1.0.0",
      "resolved": "https://registry.npmjs.org/none/-/none-1.0.0.tgz",
      "integrity": "sha512-i7zGuWTL3GPeD6N6qm8dP7dpxI6Tj/NXACKZh1j2b/P0/h3Drv5r074gyAwuENJ0A7H9JJb0ic2spGbliXhMdA==",
      "license": "Apache-2.0"
    },
    "node_modules/noop3": {
      "version": "13.8.1",
      "resolved": "https://registry.npmjs.org/noop3/-/noop3-13.8.1.tgz",
      "integrity": "sha512-OaPSc9qO9oYf1NF2yDnMeLmuvfpc7R2Dzp9LuGTUWlkZgLKlUrK1hsFX8ar7vZEzOsl4nTltlno9qOZ/f/ynmA==",
      "license": "MIT",
      "engines": {
        "node": ">=0.10.0"
      }
    },
    "node_modules/undefined-is-a-function": {
      "version": "0.1.0",
      "resolved": "https://registry.npmjs.org/undefined-is-a-function/-/undefined-is-a-function-0.1.0.tgz",
      "integrity": "sha512-yMkwz84V3BUYiWG8wcvCR68oDi1sfOuLPkjDCCrpVpoHg/2iZ6E93U+c44B4Fr1JcXtjv2Lv2HigyH7ZZVkikA==",
      "license": "MIT"
    },
    "node_modules/vanilla-javascript": {
      "version": "1.1.1",
      "resolved": "https://registry.npmjs.org/vanilla-javascript/-/vanilla-javascript-1.1.1.tgz",
      "integrity": "sha512-f6Rs5YWH7LHlFKAgbu5idxUWapLcgl8vWkkaO1u2IETjRzr/PaB+jOYYFdA4DdMRe6cyF8UeEfFXI5IxVKFPaA==",
      "license": "MIT"
    },
    "node_modules/vapor-js-npm": {
      "version": "1.4.6",
      "resolved": "https://registry.npmjs.org/vapor-js-npm/-/vapor-js-npm-1.4.6.tgz",
      "integrity": "sha512-sPp82LGKFeoortK6ifuV9UgmA6INuz3Scl9hppNskn2TfFmwjKKiyouUkjfxRXfPSfMsLPDHaVjJTj6vZDY5kw=="
    }
  }
}
